{
  "name": "prueba-lambda",
  "version": "1.0.0",
  "lockfileVersion": 3,
  "requires": true,
  "packages": {
    "": {
      "name": "prueba-lambda",
      "version": "1.0.0",
      "license": "ISC",
      "dependencies": {
        "@azure/service-bus": "^7.9.5",
        "dotenv": "^16.5.0",
        "uuid": "^11.1.0"
      }
    },
    "node_modules/@azure/abort-controller": {
      "version": "1.1.0",
      "resolved": "https://registry.npmjs.org/@azure/abort-controller/-/abort-controller-1.1.0.tgz",
      "integrity": "sha512-TrRLIoSQVzfAJX9H1JeFjzAoDGcoK1IYX1UImfceTZpsyYfWr09Ss1aHW1y5TrrR3iq6RZLBwJ3E24uwPhwahw==",
      "license": "MIT",
      "dependencies": {
        "tslib": "^2.2.0"
      },
      "engines": {
        "node": ">=12.0.0"
      }
    },
    "node_modules/@azure/core-amqp": {
      "version": "4.3.6",
      "resolved": "https://registry.npmjs.org/@azure/core-amqp/-/core-amqp-4.3.6.tgz",
      "integrity": "sha512-M8nP/DtrJI5SxlGCweijHSCHq70g1SXdJP1KVweoKRPiBVHbRcmCn9ExGbfUwHor/sKHqqVG7DAzPf0+bOtRSw==",
      "license": "MIT",
      "dependencies": {
        "@azure/abort-controller": "^2.0.0",
        "@azure/core-auth": "^1.7.2",
        "@azure/core-util": "^1.9.0",
        "@azure/logger": "^1.1.2",
        "buffer": "^6.0.3",
        "events": "^3.3.0",
        "process": "^0.11.10",
        "rhea": "^3.0.0",
        "rhea-promise": "^3.0.0",
        "tslib": "^2.6.2"
      },
      "engines": {
        "node": ">=18.0.0"
      }
    },
    "node_modules/@azure/core-amqp/node_modules/@azure/abort-controller": {
      "version": "2.1.2",
      "resolved": "https://registry.npmjs.org/@azure/abort-controller/-/abort-controller-2.1.2.tgz",
      "integrity": "sha512-nBrLsEWm4J2u5LpAPjxADTlq3trDgVZZXHNKabeXZtpq3d3AbN/KGO82R87rdDz5/lYB024rtEf10/q0urNgsA==",
      "license": "MIT",
      "dependencies": {
        "tslib": "^2.6.2"
      },
      "engines": {
        "node": ">=18.0.0"
      }
    },
    "node_modules/@azure/core-auth": {
      "version": "1.9.0",
      "resolved": "https://registry.npmjs.org/@azure/core-auth/-/core-auth-1.9.0.tgz",
      "integrity": "sha512-FPwHpZywuyasDSLMqJ6fhbOK3TqUdviZNF8OqRGA4W5Ewib2lEEZ+pBsYcBa88B2NGO/SEnYPGhyBqNlE8ilSw==",
      "license": "MIT",
      "dependencies": {
        "@azure/abort-controller": "^2.0.0",
        "@azure/core-util": "^1.11.0",
        "tslib": "^2.6.2"
      },
      "engines": {
        "node": ">=18.0.0"
      }
    },
    "node_modules/@azure/core-auth/node_modules/@azure/abort-controller": {
      "version": "2.1.2",
      "resolved": "https://registry.npmjs.org/@azure/abort-controller/-/abort-controller-2.1.2.tgz",
      "integrity": "sha512-nBrLsEWm4J2u5LpAPjxADTlq3trDgVZZXHNKabeXZtpq3d3AbN/KGO82R87rdDz5/lYB024rtEf10/q0urNgsA==",
      "license": "MIT",
      "dependencies": {
        "tslib": "^2.6.2"
      },
      "engines": {
        "node": ">=18.0.0"
      }
    },
    "node_modules/@azure/core-client": {
      "version": "1.9.4",
      "resolved": "https://registry.npmjs.org/@azure/core-client/-/core-client-1.9.4.tgz",
      "integrity": "sha512-f7IxTD15Qdux30s2qFARH+JxgwxWLG2Rlr4oSkPGuLWm+1p5y1+C04XGLA0vmX6EtqfutmjvpNmAfgwVIS5hpw==",
      "license": "MIT",
      "dependencies": {
        "@azure/abort-controller": "^2.0.0",
        "@azure/core-auth": "^1.4.0",
        "@azure/core-rest-pipeline": "^1.20.0",
        "@azure/core-tracing": "^1.0.0",
        "@azure/core-util": "^1.6.1",
        "@azure/logger": "^1.0.0",
        "tslib": "^2.6.2"
      },
      "engines": {
        "node": ">=18.0.0"
      }
    },
    "node_modules/@azure/core-client/node_modules/@azure/abort-controller": {
      "version": "2.1.2",
      "resolved": "https://registry.npmjs.org/@azure/abort-controller/-/abort-controller-2.1.2.tgz",
      "integrity": "sha512-nBrLsEWm4J2u5LpAPjxADTlq3trDgVZZXHNKabeXZtpq3d3AbN/KGO82R87rdDz5/lYB024rtEf10/q0urNgsA==",
      "license": "MIT",
      "dependencies": {
        "tslib": "^2.6.2"
      },
      "engines": {
        "node": ">=18.0.0"
      }
    },
    "node_modules/@azure/core-paging": {
      "version": "1.6.2",
      "resolved": "https://registry.npmjs.org/@azure/core-paging/-/core-paging-1.6.2.tgz",
      "integrity": "sha512-YKWi9YuCU04B55h25cnOYZHxXYtEvQEbKST5vqRga7hWY9ydd3FZHdeQF8pyh+acWZvppw13M/LMGx0LABUVMA==",
      "license": "MIT",
      "dependencies": {
        "tslib": "^2.6.2"
      },
      "engines": {
        "node": ">=18.0.0"
      }
    },
    "node_modules/@azure/core-rest-pipeline": {
      "version": "1.20.0",
      "resolved": "https://registry.npmjs.org/@azure/core-rest-pipeline/-/core-rest-pipeline-1.20.0.tgz",
      "integrity": "sha512-ASoP8uqZBS3H/8N8at/XwFr6vYrRP3syTK0EUjDXQy0Y1/AUS+QeIRThKmTNJO2RggvBBxaXDPM7YoIwDGeA0g==",
      "license": "MIT",
      "dependencies": {
        "@azure/abort-controller": "^2.0.0",
        "@azure/core-auth": "^1.8.0",
        "@azure/core-tracing": "^1.0.1",
        "@azure/core-util": "^1.11.0",
        "@azure/logger": "^1.0.0",
        "@typespec/ts-http-runtime": "^0.2.2",
        "tslib": "^2.6.2"
      },
      "engines": {
        "node": ">=18.0.0"
      }
    },
    "node_modules/@azure/core-rest-pipeline/node_modules/@azure/abort-controller": {
      "version": "2.1.2",
      "resolved": "https://registry.npmjs.org/@azure/abort-controller/-/abort-controller-2.1.2.tgz",
      "integrity": "sha512-nBrLsEWm4J2u5LpAPjxADTlq3trDgVZZXHNKabeXZtpq3d3AbN/KGO82R87rdDz5/lYB024rtEf10/q0urNgsA==",
      "license": "MIT",
      "dependencies": {
        "tslib": "^2.6.2"
      },
      "engines": {
        "node": ">=18.0.0"
      }
    },
    "node_modules/@azure/core-tracing": {
      "version": "1.2.0",
      "resolved": "https://registry.npmjs.org/@azure/core-tracing/-/core-tracing-1.2.0.tgz",
      "integrity": "sha512-UKTiEJPkWcESPYJz3X5uKRYyOcJD+4nYph+KpfdPRnQJVrZfk0KJgdnaAWKfhsBBtAf/D58Az4AvCJEmWgIBAg==",
      "license": "MIT",
      "dependencies": {
        "tslib": "^2.6.2"
      },
      "engines": {
        "node": ">=18.0.0"
      }
    },
    "node_modules/@azure/core-util": {
      "version": "1.12.0",
      "resolved": "https://registry.npmjs.org/@azure/core-util/-/core-util-1.12.0.tgz",
      "integrity": "sha512-13IyjTQgABPARvG90+N2dXpC+hwp466XCdQXPCRlbWHgd3SJd5Q1VvaBGv6k1BIa4MQm6hAF1UBU1m8QUxV8sQ==",
      "license": "MIT",
      "dependencies": {
        "@azure/abort-controller": "^2.0.0",
        "@typespec/ts-http-runtime": "^0.2.2",
        "tslib": "^2.6.2"
      },
      "engines": {
        "node": ">=18.0.0"
      }
    },
    "node_modules/@azure/core-util/node_modules/@azure/abort-controller": {
      "version": "2.1.2",
      "resolved": "https://registry.npmjs.org/@azure/abort-controller/-/abort-controller-2.1.2.tgz",
      "integrity": "sha512-nBrLsEWm4J2u5LpAPjxADTlq3trDgVZZXHNKabeXZtpq3d3AbN/KGO82R87rdDz5/lYB024rtEf10/q0urNgsA==",
      "license": "MIT",
      "dependencies": {
        "tslib": "^2.6.2"
      },
      "engines": {
        "node": ">=18.0.0"
      }
    },
    "node_modules/@azure/core-xml": {
      "version": "1.4.5",
      "resolved": "https://registry.npmjs.org/@azure/core-xml/-/core-xml-1.4.5.tgz",
      "integrity": "sha512-gT4H8mTaSXRz7eGTuQyq1aIJnJqeXzpOe9Ay7Z3FrCouer14CbV3VzjnJrNrQfbBpGBLO9oy8BmrY75A0p53cA==",
      "license": "MIT",
      "dependencies": {
        "fast-xml-parser": "^5.0.7",
        "tslib": "^2.8.1"
      },
      "engines": {
        "node": ">=18.0.0"
      }
    },
    "node_modules/@azure/logger": {
      "version": "1.2.0",
      "resolved": "https://registry.npmjs.org/@azure/logger/-/logger-1.2.0.tgz",
      "integrity": "sha512-0hKEzLhpw+ZTAfNJyRrn6s+V0nDWzXk9OjBr2TiGIu0OfMr5s2V4FpKLTAK3Ca5r5OKLbf4hkOGDPyiRjie/jA==",
      "license": "MIT",
      "dependencies": {
        "@typespec/ts-http-runtime": "^0.2.2",
        "tslib": "^2.6.2"
      },
      "engines": {
        "node": ">=18.0.0"
      }
    },
    "node_modules/@azure/service-bus": {
      "version": "7.9.5",
      "resolved": "https://registry.npmjs.org/@azure/service-bus/-/service-bus-7.9.5.tgz",
      "integrity": "sha512-R5Af+4jtZZII2snLomaddMyElFtTCBRZp2qERPlP8PuISLU87eFYFM7xWzxjNd0yeiyQUBkamx/ZhOC8eWhCHA==",
      "license": "MIT",
      "dependencies": {
        "@azure/abort-controller": "^1.0.0",
        "@azure/core-amqp": "^4.1.1",
        "@azure/core-auth": "^1.3.0",
        "@azure/core-client": "^1.0.0",
        "@azure/core-paging": "^1.4.0",
        "@azure/core-rest-pipeline": "^1.1.0",
        "@azure/core-tracing": "^1.0.0",
        "@azure/core-util": "^1.1.1",
        "@azure/core-xml": "^1.0.0",
        "@azure/logger": "^1.0.0",
        "@types/is-buffer": "^2.0.0",
        "buffer": "^6.0.0",
        "is-buffer": "^2.0.3",
        "jssha": "^3.1.0",
        "long": "^5.2.0",
        "process": "^0.11.10",
        "rhea-promise": "^3.0.0",
        "tslib": "^2.2.0"
      },
      "engines": {
        "node": ">=18.0.0"
      }
    },
    "node_modules/@types/is-buffer": {
      "version": "2.0.2",
      "resolved": "https://registry.npmjs.org/@types/is-buffer/-/is-buffer-2.0.2.tgz",
      "integrity": "sha512-G6OXy83Va+xEo8XgqAJYOuvOMxeey9xM5XKkvwJNmN8rVdcB+r15HvHsG86hl86JvU0y1aa7Z2ERkNFYWw9ySg==",
      "license": "MIT",
      "dependencies": {
        "@types/node": "*"
      }
    },
    "node_modules/@types/node": {
      "version": "22.15.21",
      "resolved": "https://registry.npmjs.org/@types/node/-/node-22.15.21.tgz",
      "integrity": "sha512-EV/37Td6c+MgKAbkcLG6vqZ2zEYHD7bvSrzqqs2RIhbA6w3x+Dqz8MZM3sP6kGTeLrdoOgKZe+Xja7tUB2DNkQ==",
      "license": "MIT",
      "dependencies": {
        "undici-types": "~6.21.0"
      }
    },
    "node_modules/@typespec/ts-http-runtime": {
      "version": "0.2.2",
      "resolved": "https://registry.npmjs.org/@typespec/ts-http-runtime/-/ts-http-runtime-0.2.2.tgz",
      "integrity": "sha512-Gz/Sm64+Sq/vklJu1tt9t+4R2lvnud8NbTD/ZfpZtMiUX7YeVpCA8j6NSW8ptwcoLL+NmYANwqP8DV0q/bwl2w==",
      "license": "MIT",
      "dependencies": {
        "http-proxy-agent": "^7.0.0",
        "https-proxy-agent": "^7.0.0",
        "tslib": "^2.6.2"
      },
      "engines": {
        "node": ">=18.0.0"
      }
    },
    "node_modules/agent-base": {
      "version": "7.1.3",
      "resolved": "https://registry.npmjs.org/agent-base/-/agent-base-7.1.3.tgz",
      "integrity": "sha512-jRR5wdylq8CkOe6hei19GGZnxM6rBGwFl3Bg0YItGDimvjGtAvdZk4Pu6Cl4u4Igsws4a1fd1Vq3ezrhn4KmFw==",
      "license": "MIT",
      "engines": {
        "node": ">= 14"
      }
    },
    "node_modules/base64-js": {
      "version": "1.5.1",
      "resolved": "https://registry.npmjs.org/base64-js/-/base64-js-1.5.1.tgz",
      "integrity": "sha512-AKpaYlHn8t4SVbOHCy+b5+KKgvR4vrsD8vbvrbiQJps7fKDTkjkDry6ji0rUJjC0kzbNePLwzxq8iypo41qeWA==",
      "funding": [
        {
          "type": "github",
          "url": "https://github.com/sponsors/feross"
        },
        {
          "type": "patreon",
          "url": "https://www.patreon.com/feross"
        },
        {
          "type": "consulting",
          "url": "https://feross.org/support"
        }
      ],
      "license": "MIT"
    },
    "node_modules/buffer": {
      "version": "6.0.3",
      "resolved": "https://registry.npmjs.org/buffer/-/buffer-6.0.3.tgz",
      "integrity": "sha512-FTiCpNxtwiZZHEZbcbTIcZjERVICn9yq/pDFkTl95/AxzD1naBctN7YO68riM/gLSDY7sdrMby8hofADYuuqOA==",
      "funding": [
        {
          "type": "github",
          "url": "https://github.com/sponsors/feross"
        },
        {
          "type": "patreon",
          "url": "https://www.patreon.com/feross"
        },
        {
          "type": "consulting",
          "url": "https://feross.org/support"
        }
      ],
      "license": "MIT",
      "dependencies": {
        "base64-js": "^1.3.1",
        "ieee754": "^1.2.1"
      }
    },
    "node_modules/debug": {
      "version": "4.4.1",
      "resolved": "https://registry.npmjs.org/debug/-/debug-4.4.1.tgz",
      "integrity": "sha512-KcKCqiftBJcZr++7ykoDIEwSa3XWowTfNPo92BYxjXiyYEVrUQh2aLyhxBCwww+heortUFxEJYcRzosstTEBYQ==",
      "license": "MIT",
      "dependencies": {
        "ms": "^2.1.3"
      },
      "engines": {
        "node": ">=6.0"
      },
      "peerDependenciesMeta": {
        "supports-color": {
          "optional": true
        }
      }
    },
    "node_modules/dotenv": {
      "version": "16.5.0",
      "resolved": "https://registry.npmjs.org/dotenv/-/dotenv-16.5.0.tgz",
      "integrity": "sha512-m/C+AwOAr9/W1UOIZUo232ejMNnJAJtYQjUbHoNTBNTJSvqzzDh7vnrei3o3r3m9blf6ZoDkvcw0VmozNRFJxg==",
      "license": "BSD-2-Clause",
      "engines": {
        "node": ">=12"
      },
      "funding": {
        "url": "https://dotenvx.com"
      }
    },
    "node_modules/events": {
      "version": "3.3.0",
      "resolved": "https://registry.npmjs.org/events/-/events-3.3.0.tgz",
      "integrity": "sha512-mQw+2fkQbALzQ7V0MY0IqdnXNOeTtP4r0lN9z7AAawCXgqea7bDii20AYrIBrFd/Hx0M2Ocz6S111CaFkUcb0Q==",
      "license": "MIT",
      "engines": {
        "node": ">=0.8.x"
      }
    },
    "node_modules/fast-xml-parser": {
      "version": "5.2.3",
      "resolved": "https://registry.npmjs.org/fast-xml-parser/-/fast-xml-parser-5.2.3.tgz",
      "integrity": "sha512-OdCYfRqfpuLUFonTNjvd30rCBZUneHpSQkCqfaeWQ9qrKcl6XlWeDBNVwGb+INAIxRshuN2jF+BE0L6gbBO2mw==",
      "funding": [
        {
          "type": "github",
          "url": "https://github.com/sponsors/NaturalIntelligence"
        }
      ],
      "license": "MIT",
      "dependencies": {
        "strnum": "^2.1.0"
      },
      "bin": {
        "fxparser": "src/cli/cli.js"
      }
    },
    "node_modules/http-proxy-agent": {
      "version": "7.0.2",
      "resolved": "https://registry.npmjs.org/http-proxy-agent/-/http-proxy-agent-7.0.2.tgz",
      "integrity": "sha512-T1gkAiYYDWYx3V5Bmyu7HcfcvL7mUrTWiM6yOfa3PIphViJ/gFPbvidQ+veqSOHci/PxBcDabeUNCzpOODJZig==",
      "license": "MIT",
      "dependencies": {
        "agent-base": "^7.1.0",
        "debug": "^4.3.4"
      },
      "engines": {
        "node": ">= 14"
      }
    },
    "node_modules/https-proxy-agent": {
      "version": "7.0.6",
      "resolved": "https://registry.npmjs.org/https-proxy-agent/-/https-proxy-agent-7.0.6.tgz",
      "integrity": "sha512-vK9P5/iUfdl95AI+JVyUuIcVtd4ofvtrOr3HNtM2yxC9bnMbEdp3x01OhQNnjb8IJYi38VlTE3mBXwcfvywuSw==",
      "license": "MIT",
      "dependencies": {
        "agent-base": "^7.1.2",
        "debug": "4"
      },
      "engines": {
        "node": ">= 14"
      }
    },
    "node_modules/ieee754": {
      "version": "1.2.1",
      "resolved": "https://registry.npmjs.org/ieee754/-/ieee754-1.2.1.tgz",
      "integrity": "sha512-dcyqhDvX1C46lXZcVqCpK+FtMRQVdIMN6/Df5js2zouUsqG7I6sFxitIC+7KYK29KdXOLHdu9zL4sFnoVQnqaA==",
      "funding": [
        {
          "type": "github",
          "url": "https://github.com/sponsors/feross"
        },
        {
          "type": "patreon",
          "url": "https://www.patreon.com/feross"
        },
        {
          "type": "consulting",
          "url": "https://feross.org/support"
        }
      ],
      "license": "BSD-3-Clause"
    },
    "node_modules/is-buffer": {
      "version": "2.0.5",
      "resolved": "https://registry.npmjs.org/is-buffer/-/is-buffer-2.0.5.tgz",
      "integrity": "sha512-i2R6zNFDwgEHJyQUtJEk0XFi1i0dPFn/oqjK3/vPCcDeJvW5NQ83V8QbicfF1SupOaB0h8ntgBC2YiE7dfyctQ==",
      "funding": [
        {
          "type": "github",
          "url": "https://github.com/sponsors/feross"
        },
        {
          "type": "patreon",
          "url": "https://www.patreon.com/feross"
        },
        {
          "type": "consulting",
          "url": "https://feross.org/support"
        }
      ],
      "license": "MIT",
      "engines": {
        "node": ">=4"
      }
    },
    "node_modules/jssha": {
      "version": "3.3.1",
      "resolved": "https://registry.npmjs.org/jssha/-/jssha-3.3.1.tgz",
      "integrity": "sha512-VCMZj12FCFMQYcFLPRm/0lOBbLi8uM2BhXPTqw3U4YAfs4AZfiApOoBLoN8cQE60Z50m1MYMTQVCfgF/KaCVhQ==",
      "license": "BSD-3-Clause",
      "engines": {
        "node": "*"
      }
    },
    "node_modules/long": {
      "version": "5.3.2",
      "resolved": "https://registry.npmjs.org/long/-/long-5.3.2.tgz",
      "integrity": "sha512-mNAgZ1GmyNhD7AuqnTG3/VQ26o760+ZYBPKjPvugO8+nLbYfX6TVpJPseBvopbdY+qpZ/lKUnmEc1LeZYS3QAA==",
      "license": "Apache-2.0"
    },
    "node_modules/ms": {
      "version": "2.1.3",
      "resolved": "https://registry.npmjs.org/ms/-/ms-2.1.3.tgz",
      "integrity": "sha512-6FlzubTLZG3J2a/NVCAleEhjzq5oxgHyaCU9yYXvcLsvoVaHJq/s5xXI6/XXP6tz7R9xAOtHnSO/tXtF3WRTlA==",
      "license": "MIT"
    },
    "node_modules/process": {
      "version": "0.11.10",
      "resolved": "https://registry.npmjs.org/process/-/process-0.11.10.tgz",
      "integrity": "sha512-cdGef/drWFoydD1JsMzuFf8100nZl+GT+yacc2bEced5f9Rjk4z+WtFUTBu9PhOi9j/jfmBPu0mMEY4wIdAF8A==",
      "license": "MIT",
      "engines": {
        "node": ">= 0.6.0"
      }
    },
    "node_modules/rhea": {
      "version": "3.0.4",
      "resolved": "https://registry.npmjs.org/rhea/-/rhea-3.0.4.tgz",
      "integrity": "sha512-n3kw8syCdrsfJ72w3rohpoHHlmv/RZZEP9VY5BVjjo0sEGIt4YSKypBgaiA+OUSgJAzLjOECYecsclG5xbYtZw==",
      "license": "Apache-2.0",
      "dependencies": {
        "debug": "^4.3.3"
      }
    },
    "node_modules/rhea-promise": {
      "version": "3.0.3",
      "resolved": "https://registry.npmjs.org/rhea-promise/-/rhea-promise-3.0.3.tgz",
      "integrity": "sha512-a875P5YcMkePSTEWMsnmCQS7Y4v/XvIw7ZoMtJxqtQRZsqSA6PsZxuz4vktyRykPuUgdNsA6F84dS3iEXZoYnQ==",
      "license": "Apache-2.0",
      "dependencies": {
        "debug": "^4.0.0",
        "rhea": "^3.0.0",
        "tslib": "^2.6.0"
      }
    },
    "node_modules/strnum": {
      "version": "2.1.1",
      "resolved": "https://registry.npmjs.org/strnum/-/strnum-2.1.1.tgz",
      "integrity": "sha512-7ZvoFTiCnGxBtDqJ//Cu6fWtZtc7Y3x+QOirG15wztbdngGSkht27o2pyGWrVy0b4WAy3jbKmnoK6g5VlVNUUw==",
      "funding": [
        {
          "type": "github",
          "url": "https://github.com/sponsors/NaturalIntelligence"
        }
      ],
      "license": "MIT"
    },
    "node_modules/tslib": {
      "version": "2.8.1",
      "resolved": "https://registry.npmjs.org/tslib/-/tslib-2.8.1.tgz",
      "integrity": "sha512-oJFu94HQb+KVduSUQL7wnpmqnfmLsOA/nAh6b6EH0wCEoK0/mPeXU6c3wKDV83MkOuHPRHtSXKKU99IBazS/2w==",
      "license": "0BSD"
    },
    "node_modules/undici-types": {
      "version": "6.21.0",
      "resolved": "https://registry.npmjs.org/undici-types/-/undici-types-6.21.0.tgz",
      "integrity": "sha512-iwDZqg0QAGrg9Rav5H4n0M64c3mkR59cJ6wQp+7C4nI0gsmExaedaYLNO44eT4AtBBwjbTiGPMlt2Md0T9H9JQ==",
      "license": "MIT"
    },
    "node_modules/uuid": {
      "version": "11.1.0",
      "resolved": "https://registry.npmjs.org/uuid/-/uuid-11.1.0.tgz",
      "integrity": "sha512-0/A9rDy9P7cJ+8w1c9WD9V//9Wj15Ce2MPz8Ri6032usz+NfePxx5AcN3bN+r6ZL6jEo066/yNYB3tn4pQEx+A==",
      "funding": [
        "https://github.com/sponsors/broofa",
        "https://github.com/sponsors/ctavan"
      ],
      "license": "MIT",
      "bin": {
        "uuid": "dist/esm/bin/uuid"
      }
    }
  }
}
